<?xml version="1.0" encoding="utf-8"?>
<Project ToolsVersion="4.0" xmlns="http://schemas.microsoft.com/developer/msbuild/2003">
  <ItemGroup>
    <Filter Include="Header Files">
      <UniqueIdentifier>{9ec2bee2-04e4-4949-9180-ce78ee0fd60e}</UniqueIdentifier>
    </Filter>
    <Filter Include="Source Files">
      <UniqueIdentifier>{3404a6a2-b082-4440-9fac-983563764e5d}</UniqueIdentifier>
    </Filter>
    <Filter Include="TwinCAT RT Files">
      <UniqueIdentifier>{29835839-bb7d-4ce6-81d9-15a0dfa9e9f6}</UniqueIdentifier>
    </Filter>
    <Filter Include="TwinCAT OS Files">
      <UniqueIdentifier>{bd43bf3e-8f99-4f2e-8746-b73b56cfbd31}</UniqueIdentifier>
    </Filter>
    <Filter Include="TMC Files">
      <UniqueIdentifier>{c06941a4-8bfb-4343-bf7c-2bdc0f84fea1}</UniqueIdentifier>
    </Filter>
  </ItemGroup>
  <ItemGroup>
    <ClInclude Include="TcPch.h">
      <Filter>Header Files</Filter>
    </ClInclude>
    <ClInclude Include="SixAxisSolverClassFactory.h">
      <Filter>Header Files</Filter>
    </ClInclude>
    <ClInclude Include="SixAxisSolverInterfaces.h">
      <Filter>Header Files</Filter>
    </ClInclude>
    <ClInclude Include="SixAxisSolverServices.h">
      <Filter>Header Files</Filter>
    </ClInclude>
    <ClInclude Include="SixAxisSolverDriver.h">
      <Filter>TwinCAT RT Files</Filter>
    </ClInclude>
    <ClInclude Include="SixAxisSolver.h">
      <Filter>Header Files</Filter>
    </ClInclude>
    <ClInclude Include="Kinematics.h">
      <Filter>Header Files</Filter>
    </ClInclude>
    <ClInclude Include="MatrixUtils.h">
      <Filter>Header Files</Filter>
    </ClInclude>
    <ClInclude Include="TcNcKinematicsInterfaces.h">
      <Filter>Header Files</Filter>
    </ClInclude>
    <ClInclude Include="TcNcKinematicsServices.h">
      <Filter>Header Files</Filter>
    </ClInclude>
  </ItemGroup>
  <ItemGroup>
    <ClCompile Include="TcPch.cpp">
      <Filter>Source Files</Filter>
    </ClCompile>
    <ClCompile Include="SixAxisSolverClassFactory.cpp">
      <Filter>Source Files</Filter>
    </ClCompile>
    <ClCompile Include="SixAxisSolverDriver.cpp">
      <Filter>TwinCAT RT Files</Filter>
    </ClCompile>
    <ClCompile Include="SixAxisSolverMain.cpp">
      <Filter>TwinCAT OS Files</Filter>
    </ClCompile>
    <ClCompile Include="SixAxisSolver.cpp">
      <Filter>Source Files</Filter>
    </ClCompile>
    <ClCompile Include="MatrixUtils.cpp">
      <Filter>Source Files</Filter>
    </ClCompile>
    <ClCompile Include="Kinematics.cpp">
      <Filter>Source Files</Filter>
    </ClCompile>
  </ItemGroup>
  <ItemGroup>
    <ResourceCompile Include="SixAxisSolver.rc">
      <Filter>Source Files</Filter>
    </ResourceCompile>
  </ItemGroup>
  <ItemGroup>
    <None Include="SixAxisSolver.tmc">
      <Filter>TMC Files</Filter>
    </None>
  </ItemGroup>
</Project>