<?xml version="1.0" encoding="utf-8"?>
<Project ToolsVersion="4.0" xmlns="http://schemas.microsoft.com/developer/msbuild/2003">
  <ItemGroup>
    <Filter Include="Header Files">
      <UniqueIdentifier>{de65efd4-a78d-481d-8d86-a15af929739b}</UniqueIdentifier>
    </Filter>
    <Filter Include="Source Files">
      <UniqueIdentifier>{666bfa51-ff9a-4dea-9ef3-cfb9e3e0e999}</UniqueIdentifier>
    </Filter>
    <Filter Include="TwinCAT RT Files">
      <UniqueIdentifier>{981a3a62-f81f-4ed9-8644-d6c136b76921}</UniqueIdentifier>
    </Filter>
    <Filter Include="TwinCAT OS Files">
      <UniqueIdentifier>{099d4ee8-82f3-402d-81d7-5eaa9da8af6e}</UniqueIdentifier>
    </Filter>
    <Filter Include="TMC Files">
      <UniqueIdentifier>{181db1fe-d8c4-43d3-a7c9-e32ba31383a6}</UniqueIdentifier>
    </Filter>
  </ItemGroup>
  <ItemGroup>
    <ClInclude Include="TcPch.h">
      <Filter>Header Files</Filter>
    </ClInclude>
    <ClInclude Include="TC_DriverClassFactory.h">
      <Filter>Header Files</Filter>
    </ClInclude>
    <ClInclude Include="TC_DriverInterfaces.h">
      <Filter>Header Files</Filter>
    </ClInclude>
    <ClInclude Include="TC_DriverServices.h">
      <Filter>Header Files</Filter>
    </ClInclude>
    <ClInclude Include="TC_DriverDriver.h">
      <Filter>TwinCAT RT Files</Filter>
    </ClInclude>
    <ClInclude Include="SixAxisArticulatedTrafo.h">
      <Filter>Header Files</Filter>
    </ClInclude>
    <ClInclude Include="TcNcKinematicsInterfaces.h">
      <Filter>Header Files</Filter>
    </ClInclude>
    <ClInclude Include="TcNcKinematicsServices.h">
      <Filter>Header Files</Filter>
    </ClInclude>
    <ClInclude Include="Kinematics.h">
      <Filter>Header Files</Filter>
    </ClInclude>
    <ClInclude Include="Matrix.h">
      <Filter>Header Files</Filter>
    </ClInclude>
  </ItemGroup>
  <ItemGroup>
    <ClCompile Include="TcPch.cpp">
      <Filter>Source Files</Filter>
    </ClCompile>
    <ClCompile Include="TC_DriverClassFactory.cpp">
      <Filter>Source Files</Filter>
    </ClCompile>
    <ClCompile Include="TC_DriverDriver.cpp">
      <Filter>TwinCAT RT Files</Filter>
    </ClCompile>
    <ClCompile Include="TC_DriverMain.cpp">
      <Filter>TwinCAT OS Files</Filter>
    </ClCompile>
    <ClCompile Include="SixAxisArticulatedTrafo.cpp">
      <Filter>Source Files</Filter>
    </ClCompile>
    <ClCompile Include="Kinematics.cpp">
      <Filter>Source Files</Filter>
    </ClCompile>
  </ItemGroup>
  <ItemGroup>
    <ResourceCompile Include="TC_Driver.rc">
      <Filter>Source Files</Filter>
    </ResourceCompile>
  </ItemGroup>
  <ItemGroup>
    <None Include="TC_Driver.tmc">
      <Filter>TMC Files</Filter>
    </None>
  </ItemGroup>
</Project>